// !$*UTF8*$!
{
	archiveVersion = 1;
	classes = {};
	objectVersion = 56;
	objects = {

/* Begin PBXBuildFile section */
		AA000503 /* libsynapse_app.a in Frameworks */ = {isa = PBXBuildFile; fileRef = AA000010 /* libsynapse_app.a */; };
		AA000510 /* SynapseApp.swift in Sources */ = {isa = PBXBuildFile; fileRef = AA000511 /* SynapseApp.swift */; };
		AA000512 /* AppModel.swift in Sources */ = {isa = PBXBuildFile; fileRef = AA000513 /* AppModel.swift */; };
		AA000514 /* SynapseConnection.swift in Sources */ = {isa = PBXBuildFile; fileRef = AA000515 /* SynapseConnection.swift */; };
		AA000516 /* SynapseModels.swift in Sources */ = {isa = PBXBuildFile; fileRef = AA000517 /* SynapseModels.swift */; };
		AA000518 /* RootView.swift in Sources */ = {isa = PBXBuildFile; fileRef = AA000519 /* RootView.swift */; };
		AA00051A /* WorkspacesView.swift in Sources */ = {isa = PBXBuildFile; fileRef = AA00051B /* WorkspacesView.swift */; };
		AA00051C /* SessionSheet.swift in Sources */ = {isa = PBXBuildFile; fileRef = AA00051D /* SessionSheet.swift */; };
		AA00051E /* ChatWebView.swift in Sources */ = {isa = PBXBuildFile; fileRef = AA00051F /* ChatWebView.swift */; };
		AA000520 /* PairingView.swift in Sources */ = {isa = PBXBuildFile; fileRef = AA000521 /* PairingView.swift */; };
		AA000522 /* WebHost.swift in Sources */ = {isa = PBXBuildFile; fileRef = AA000523 /* WebHost.swift */; };
/* End PBXBuildFile section */

/* Begin PBXFileReference section */
		AA000004 /* Info.plist */ = {isa = PBXFileReference; lastKnownFileType = text.plist.xml; path = Info.plist; sourceTree = "<group>"; };
		AA000010 /* libsynapse_app.a */ = {isa = PBXFileReference; lastKnownFileType = archive.ar; name = libsynapse_app.a; sourceTree = "<group>"; };
		AA000020 /* Synapse.app */ = {isa = PBXFileReference; explicitFileType = wrapper.application; includeInIndex = 0; path = Synapse.app; sourceTree = BUILT_PRODUCTS_DIR; };
		AA000511 /* SynapseApp.swift */ = {isa = PBXFileReference; lastKnownFileType = sourcecode.swift; path = SynapseApp.swift; sourceTree = "<group>"; };
		AA000513 /* AppModel.swift */ = {isa = PBXFileReference; lastKnownFileType = sourcecode.swift; path = AppModel.swift; sourceTree = "<group>"; };
		AA000515 /* SynapseConnection.swift */ = {isa = PBXFileReference; lastKnownFileType = sourcecode.swift; path = SynapseConnection.swift; sourceTree = "<group>"; };
		AA000517 /* SynapseModels.swift */ = {isa = PBXFileReference; lastKnownFileType = sourcecode.swift; path = SynapseModels.swift; sourceTree = "<group>"; };
		AA000519 /* RootView.swift */ = {isa = PBXFileReference; lastKnownFileType = sourcecode.swift; path = RootView.swift; sourceTree = "<group>"; };
		AA00051B /* WorkspacesView.swift */ = {isa = PBXFileReference; lastKnownFileType = sourcecode.swift; path = WorkspacesView.swift; sourceTree = "<group>"; };
		AA00051D /* SessionSheet.swift */ = {isa = PBXFileReference; lastKnownFileType = sourcecode.swift; path = SessionSheet.swift; sourceTree = "<group>"; };
		AA00051F /* ChatWebView.swift */ = {isa = PBXFileReference; lastKnownFileType = sourcecode.swift; path = ChatWebView.swift; sourceTree = "<group>"; };
		AA000521 /* PairingView.swift */ = {isa = PBXFileReference; lastKnownFileType = sourcecode.swift; path = PairingView.swift; sourceTree = "<group>"; };
		AA000523 /* WebHost.swift */ = {isa = PBXFileReference; lastKnownFileType = sourcecode.swift; path = WebHost.swift; sourceTree = "<group>"; };
		AA000524 /* Synapse-Bridging-Header.h */ = {isa = PBXFileReference; lastKnownFileType = sourcecode.c.h; path = "Synapse-Bridging-Header.h"; sourceTree = "<group>"; };
/* End PBXFileReference section */

/* Begin PBXFrameworksBuildPhase section */
		AA000302 /* Frameworks */ = {
			isa = PBXFrameworksBuildPhase;
			buildActionMask = 2147483647;
			files = (AA000503 /* libsynapse_app.a in Frameworks */);
			runOnlyForDeploymentPostprocessing = 0;
		};
/* End PBXFrameworksBuildPhase section */

/* Begin PBXGroup section */
		AA000100 /* Sources */ = {
			isa = PBXGroup;
			children = (
				AA000511 /* SynapseApp.swift */,
				AA000513 /* AppModel.swift */,
				AA000515 /* SynapseConnection.swift */,
				AA000517 /* SynapseModels.swift */,
				AA000519 /* RootView.swift */,
				AA00051B /* WorkspacesView.swift */,
				AA00051D /* SessionSheet.swift */,
				AA00051F /* ChatWebView.swift */,
				AA000521 /* PairingView.swift */,
				AA000523 /* WebHost.swift */,
				AA000524 /* Synapse-Bridging-Header.h */,
				AA000004 /* Info.plist */,
			);
			path = Sources;
			sourceTree = "<group>";
		};
		AA000101 /* Frameworks */ = {
			isa = PBXGroup;
			children = (AA000010 /* libsynapse_app.a */);
			name = Frameworks;
			sourceTree = "<group>";
		};
		AA000102 /* Root */ = {
			isa = PBXGroup;
			children = (AA000100 /* Sources */, AA000101 /* Frameworks */);
			sourceTree = "<group>";
		};
/* End PBXGroup section */

/* Begin PBXNativeTarget section */
		AA000200 /* Synapse */ = {
			isa = PBXNativeTarget;
			buildConfigurationList = AA000400 /* Build configuration list for Synapse */;
			buildPhases = (
				AA000300 /* Build Rust staticlib */,
				AA000301 /* Sources */,
				AA000302 /* Frameworks */,
			);
			buildRules = ();
			dependencies = ();
			name = Synapse;
			productName = Synapse;
			productReference = AA000020 /* Synapse.app */;
			productType = "com.apple.product-type.application";
		};
/* End PBXNativeTarget section */

/* Begin PBXProject section */
		AA000600 /* Project object */ = {
			isa = PBXProject;
			attributes = {LastUpgradeCheck = 1500; };
			buildConfigurationList = AA000700 /* Build configuration list for PBXProject */;
			compatibilityVersion = "Xcode 14.0";
			developmentRegion = en;
			hasScannedForEncodings = 0;
			knownRegions = (en, Base);
			mainGroup = AA000102 /* Root */;
			productRefGroup = AA000101 /* Frameworks */;
			projectDirPath = "";
			projectRoot = "";
			targets = (AA000200 /* Synapse */);
		};
/* End PBXProject section */

/* Begin PBXShellScriptBuildPhase section */
		AA000300 /* Build Rust staticlib */ = {
			isa = PBXShellScriptBuildPhase;
			buildActionMask = 2147483647;
			files = ();
			inputPaths = ();
			name = "Build Rust staticlib";
			outputPaths = ("$(SRCROOT)/../../target/aarch64-apple-ios/release/libsynapse_app.a");
			runOnlyForDeploymentPostprocessing = 0;
			shellPath = /bin/sh;
			shellScript = "cd \"$SRCROOT/../..\"\nif [ \"$PLATFORM_NAME\" = \"iphonesimulator\" ]; then RUST_T=\"aarch64-apple-ios-sim\"; else RUST_T=\"aarch64-apple-ios\"; fi\ncargo rustc -p synapse-app --lib --target \"$RUST_T\" --crate-type staticlib --release\n";
		};
/* End PBXShellScriptBuildPhase section */

/* Begin PBXSourcesBuildPhase section */
		AA000301 /* Sources */ = {
			isa = PBXSourcesBuildPhase;
			buildActionMask = 2147483647;
			files = (
				AA000510 /* SynapseApp.swift in Sources */,
				AA000512 /* AppModel.swift in Sources */,
				AA000514 /* SynapseConnection.swift in Sources */,
				AA000516 /* SynapseModels.swift in Sources */,
				AA000518 /* RootView.swift in Sources */,
				AA00051A /* WorkspacesView.swift in Sources */,
				AA00051C /* SessionSheet.swift in Sources */,
				AA00051E /* ChatWebView.swift in Sources */,
				AA000520 /* PairingView.swift in Sources */,
				AA000522 /* WebHost.swift in Sources */,
			);
			runOnlyForDeploymentPostprocessing = 0;
		};
/* End PBXSourcesBuildPhase section */

/* Begin XCBuildConfiguration section */
		AA000800 /* Release */ = {
			isa = XCBuildConfiguration;
			buildSettings = {
				ASSETCATALOG_COMPILER_APPICON_NAME = "";
				CLANG_ENABLE_MODULES = YES;
				CODE_SIGN_IDENTITY = "-";
				CODE_SIGN_STYLE = Automatic;
				"CODE_SIGN_IDENTITY[sdk=iphoneos*]" = "Apple Development";
				DEVELOPMENT_TEAM = GNJZA74ZW4;
				INFOPLIST_FILE = Sources/Info.plist;
				IPHONEOS_DEPLOYMENT_TARGET = 16.0;
				LD_RUNPATH_SEARCH_PATHS = "$(inherited) @executable_path/Frameworks";
				LIBRARY_SEARCH_PATHS = (
					"$(inherited)",
					"$(SRCROOT)/../../target/aarch64-apple-ios/release",
					"$(SRCROOT)/../../target/aarch64-apple-ios-sim/release",
				);
				OTHER_LDFLAGS = ("-lsynapse_app", "-ObjC", "-framework", "CoreText", "-framework", "Metal", "-framework", "QuartzCore", "-framework", "CoreGraphics", "-framework", "MetalKit", "-framework", "UIKit", "-framework", "Foundation", "-framework", "WebKit", "-framework", "SwiftUI");
				PRODUCT_BUNDLE_IDENTIFIER = com.synapse.app.gnjza;
				PRODUCT_NAME = "$(TARGET_NAME)";
				SDKROOT = iphoneos;
				SUPPORTED_PLATFORMS = "iphoneos iphonesimulator";
				SWIFT_OBJC_BRIDGING_HEADER = "Sources/Synapse-Bridging-Header.h";
				SWIFT_VERSION = 5.0;
				TARGETED_DEVICE_FAMILY = "1,2";
				VALIDATE_PRODUCT = YES;
			};
			name = Release;
		};
		AA000801 /* Debug */ = {
			isa = XCBuildConfiguration;
			buildSettings = {
				ASSETCATALOG_COMPILER_APPICON_NAME = "";
				CLANG_ENABLE_MODULES = YES;
				CODE_SIGN_IDENTITY = "-";
				CODE_SIGN_STYLE = Automatic;
				"CODE_SIGN_IDENTITY[sdk=iphoneos*]" = "Apple Development";
				DEVELOPMENT_TEAM = GNJZA74ZW4;
				INFOPLIST_FILE = Sources/Info.plist;
				IPHONEOS_DEPLOYMENT_TARGET = 16.0;
				LD_RUNPATH_SEARCH_PATHS = "$(inherited) @executable_path/Frameworks";
				LIBRARY_SEARCH_PATHS = (
					"$(inherited)",
					"$(SRCROOT)/../../target/aarch64-apple-ios/release",
					"$(SRCROOT)/../../target/aarch64-apple-ios-sim/release",
				);
				OTHER_LDFLAGS = ("-lsynapse_app", "-ObjC", "-framework", "CoreText", "-framework", "Metal", "-framework", "QuartzCore", "-framework", "CoreGraphics", "-framework", "MetalKit", "-framework", "UIKit", "-framework", "Foundation", "-framework", "WebKit", "-framework", "SwiftUI");
				PRODUCT_BUNDLE_IDENTIFIER = com.synapse.app.gnjza;
				PRODUCT_NAME = "$(TARGET_NAME)";
				SDKROOT = iphoneos;
				SUPPORTED_PLATFORMS = "iphoneos iphonesimulator";
				SWIFT_OBJC_BRIDGING_HEADER = "Sources/Synapse-Bridging-Header.h";
				SWIFT_VERSION = 5.0;
				TARGETED_DEVICE_FAMILY = "1,2";
			};
			name = Debug;
		};
		AA000802 /* Project Release */ = {
			isa = XCBuildConfiguration;
			buildSettings = {
				ALWAYS_SEARCH_USER_PATHS = NO;
				CLANG_ENABLE_MODULES = YES;
				COPY_PHASE_STRIP = NO;
				GCC_C_LANGUAGE_STANDARD = gnu11;
				IPHONEOS_DEPLOYMENT_TARGET = 16.0;
				SDKROOT = iphoneos;
			};
			name = Release;
		};
		AA000803 /* Project Debug */ = {
			isa = XCBuildConfiguration;
			buildSettings = {
				ALWAYS_SEARCH_USER_PATHS = NO;
				CLANG_ENABLE_MODULES = YES;
				COPY_PHASE_STRIP = NO;
				DEBUG_INFORMATION_FORMAT = dwarf;
				GCC_C_LANGUAGE_STANDARD = gnu11;
				IPHONEOS_DEPLOYMENT_TARGET = 16.0;
				ONLY_ACTIVE_ARCH = YES;
				SDKROOT = iphoneos;
			};
			name = Debug;
		};
/* End XCBuildConfiguration section */

/* Begin XCConfigurationList section */
		AA000400 /* Build configuration list for Synapse */ = {
			isa = XCConfigurationList;
			buildConfigurations = (AA000801 /* Debug */, AA000800 /* Release */);
			defaultConfigurationName = Release;
		};
		AA000700 /* Build configuration list for PBXProject */ = {
			isa = XCConfigurationList;
			buildConfigurations = (AA000803 /* Project Debug */, AA000802 /* Project Release */);
			defaultConfigurationName = Release;
		};
/* End XCConfigurationList section */
	};
	rootObject = AA000600 /* Project object */;
}
